lockfileVersion: '9.0'

settings:
  autoInstallPeers: true
  excludeLinksFromLockfile: false

importers:

  .:
    dependencies:
      tilth:
        specifier: 0.9.0
        version: 0.9.0

packages:

  tilth@0.9.0:
    resolution: {integrity: sha512-1IwriC+2RLb0pKM5TjQlXdy4orpJAfxwzAo4B3Up3hTu7Fhpr28nnaKAytKIm9bIRNS1VCemzM0Ur9Ay6dQLaQ==}
    hasBin: true

snapshots:

  tilth@0.9.0: {}
